# This file is automatically @generated by Cargo.
# It is not intended for manual editing.
version = 4

[[package]]
name = "glam"
version = "0.33.2"
source = "registry+https://github.com/rust-lang/crates.io-index"
checksum = "7f22fb22f065b308be0d8724e3706c7fa3fc2a6c7d6899df4cad7860e7a75436"
dependencies = [
 "libm",
]

[[package]]
name = "libm"
version = "0.2.16"
source = "registry+https://github.com/rust-lang/crates.io-index"
checksum = "b6d2cec3eae94f9f509c767b45932f1ada8350c4bdb85af2fcab4a3c14807981"

[[package]]
name = "pocket3d-bsp"
version = "0.1.0"
dependencies = [
 "glam",
]

[[package]]
name = "pocket3d-vita"
version = "0.1.0"
dependencies = [
 "glam",
 "libm",
 "pocket3d-bsp",
 "vita2d-sys",
 "vitasdk-sys",
]

[[package]]
name = "vita2d-sys"
version = "0.1.1"
source = "registry+https://github.com/rust-lang/crates.io-index"
checksum = "e7cda04ff147d95f185876d6855977fc09e727c3f098bdf5fb3fae26efa640bf"

[[package]]
name = "vitasdk-sys"
version = "0.3.3"
source = "registry+https://github.com/rust-lang/crates.io-index"
checksum = "665d8a491ad572e0ebc103846c4a51e66b641c942391b7241f91c413a3a301a9"
