{
  "lockfileVersion": 1,
  "configVersion": 1,
  "workspaces": {
    "": {
      "name": "@pocketjs/static",
      "devDependencies": {
        "jsnes": "^1.2.1",
        "typescript": "^5",
      },
    },
  },
  "packages": {
    "jsnes": ["jsnes@1.2.1", "", {}, "sha512-Gn+lnv5B5c/TVwFSc8vzo7amiSogRyfMI9UL7VjYgKDrlTLf7GKuK2WD+t0gEcLbzh/NfMpkIlopzN/3cq760A=="],

    "typescript": ["typescript@5.9.3", "", { "bin": { "tsc": "bin/tsc", "tsserver": "bin/tsserver" } }, "sha512-jl1vZzPDinLr9eUt3J/t7V6FgNEw9QjvBPdysz9KfQDD41fQrC2Y4vKQdiaUpFT4bXlb1RHhLpp8wtm6M5TgSw=="],
  }
}
